
Microsoft Visual Studio Solution File, Format Version 12.00
# Visual Studio Version 17
VisualStudioVersion = 17.2.32616.157
MinimumVisualStudioVersion = 10.0.40219.1
Project("{FAE04EC0-301F-11D3-BF4B-00C04F79EFBC}") = "BIT502 Assessment 1 Dani Sullivan", "BIT502 Assessment 1 Dani Sullivan.csproj", "{B859C5B8-AEA2-426C-BABE-43B9393622FD}"
EndProject
Global
	GlobalSection(SolutionConfigurationPlatforms) = preSolution
		Debug|Any CPU = Debug|Any CPU
		Release|Any CPU = Release|Any CPU
	EndGlobalSection
	GlobalSection(ProjectConfigurationPlatforms) = postSolution
		{B859C5B8-AEA2-426C-BABE-43B9393622FD}.Debug|Any CPU.ActiveCfg = Debug|Any CPU
		{B859C5B8-AEA2-426C-BABE-43B9393622FD}.Debug|Any CPU.Build.0 = Debug|Any CPU
		{B859C5B8-AEA2-426C-BABE-43B9393622FD}.Release|Any CPU.ActiveCfg = Release|Any CPU
		{B859C5B8-AEA2-426C-BABE-43B9393622FD}.Release|Any CPU.Build.0 = Release|Any CPU
	EndGlobalSection
	GlobalSection(SolutionProperties) = preSolution
		HideSolutionNode = FALSE
	EndGlobalSection
	GlobalSection(ExtensibilityGlobals) = postSolution
		SolutionGuid = {6C33A2FE-8CFE-4587-B45A-F23A70D81E9D}
	EndGlobalSection
EndGlobal
